
Microsoft Visual Studio Solution File, Format Version 12.00
# Visual Studio 15
VisualStudioVersion = 15.0.26124.0
MinimumVisualStudioVersion = 15.0.26124.0
Project("{9A19103F-16F7-4668-BE54-9A1E7A4F7556}") = "Hey", "src\Hey\Hey.csproj", "{9A445378-5A9A-46E4-B326-F8DC02E9FD5D}"
EndProject
Project("{2150E333-8FDC-42A3-9474-1A3956D46DE8}") = "samples", "samples", "{78D25C92-817A-4731-B4C5-9C4CC70AAF76}"
EndProject
Project("{2150E333-8FDC-42A3-9474-1A3956D46DE8}") = "src", "src", "{D8B94637-5C7F-4C7E-8325-F2FCC5E98C43}"
EndProject
Project("{2150E333-8FDC-42A3-9474-1A3956D46DE8}") = "tests", "tests", "{59597665-809B-48F5-86F9-7432546C05CE}"
EndProject
Project("{FAE04EC0-301F-11D3-BF4B-00C04F79EFBC}") = "CommandLine.Server", "samples\CommandLine.Server\CommandLine.Server.csproj", "{7E107A0B-6FF6-4A3E-AEBE-AF0DE62EF9B2}"
EndProject
Project("{FAE04EC0-301F-11D3-BF4B-00C04F79EFBC}") = "CommandLine.Client", "samples\CommandLine.Client\CommandLine.Client.csproj", "{BB965825-5D8B-4A97-80F1-46BCAD16E6AD}"
EndProject
Global
	GlobalSection(SolutionConfigurationPlatforms) = preSolution
		Debug|Any CPU = Debug|Any CPU
		Debug|x64 = Debug|x64
		Debug|x86 = Debug|x86
		Release|Any CPU = Release|Any CPU
		Release|x64 = Release|x64
		Release|x86 = Release|x86
	EndGlobalSection
	GlobalSection(ProjectConfigurationPlatforms) = postSolution
		{9A445378-5A9A-46E4-B326-F8DC02E9FD5D}.Debug|Any CPU.ActiveCfg = Debug|Any CPU
		{9A445378-5A9A-46E4-B326-F8DC02E9FD5D}.Debug|Any CPU.Build.0 = Debug|Any CPU
		{9A445378-5A9A-46E4-B326-F8DC02E9FD5D}.Debug|x64.ActiveCfg = Debug|Any CPU
		{9A445378-5A9A-46E4-B326-F8DC02E9FD5D}.Debug|x64.Build.0 = Debug|Any CPU
		{9A445378-5A9A-46E4-B326-F8DC02E9FD5D}.Debug|x86.ActiveCfg = Debug|Any CPU
		{9A445378-5A9A-46E4-B326-F8DC02E9FD5D}.Debug|x86.Build.0 = Debug|Any CPU
		{9A445378-5A9A-46E4-B326-F8DC02E9FD5D}.Release|Any CPU.ActiveCfg = Release|Any CPU
		{9A445378-5A9A-46E4-B326-F8DC02E9FD5D}.Release|Any CPU.Build.0 = Release|Any CPU
		{9A445378-5A9A-46E4-B326-F8DC02E9FD5D}.Release|x64.ActiveCfg = Release|Any CPU
		{9A445378-5A9A-46E4-B326-F8DC02E9FD5D}.Release|x64.Build.0 = Release|Any CPU
		{9A445378-5A9A-46E4-B326-F8DC02E9FD5D}.Release|x86.ActiveCfg = Release|Any CPU
		{9A445378-5A9A-46E4-B326-F8DC02E9FD5D}.Release|x86.Build.0 = Release|Any CPU
		{7E107A0B-6FF6-4A3E-AEBE-AF0DE62EF9B2}.Debug|Any CPU.ActiveCfg = Debug|Any CPU
		{7E107A0B-6FF6-4A3E-AEBE-AF0DE62EF9B2}.Debug|Any CPU.Build.0 = Debug|Any CPU
		{7E107A0B-6FF6-4A3E-AEBE-AF0DE62EF9B2}.Debug|x64.ActiveCfg = Debug|Any CPU
		{7E107A0B-6FF6-4A3E-AEBE-AF0DE62EF9B2}.Debug|x64.Build.0 = Debug|Any CPU
		{7E107A0B-6FF6-4A3E-AEBE-AF0DE62EF9B2}.Debug|x86.ActiveCfg = Debug|Any CPU
		{7E107A0B-6FF6-4A3E-AEBE-AF0DE62EF9B2}.Debug|x86.Build.0 = Debug|Any CPU
		{7E107A0B-6FF6-4A3E-AEBE-AF0DE62EF9B2}.Release|Any CPU.ActiveCfg = Release|Any CPU
		{7E107A0B-6FF6-4A3E-AEBE-AF0DE62EF9B2}.Release|Any CPU.Build.0 = Release|Any CPU
		{7E107A0B-6FF6-4A3E-AEBE-AF0DE62EF9B2}.Release|x64.ActiveCfg = Release|Any CPU
		{7E107A0B-6FF6-4A3E-AEBE-AF0DE62EF9B2}.Release|x64.Build.0 = Release|Any CPU
		{7E107A0B-6FF6-4A3E-AEBE-AF0DE62EF9B2}.Release|x86.ActiveCfg = Release|Any CPU
		{7E107A0B-6FF6-4A3E-AEBE-AF0DE62EF9B2}.Release|x86.Build.0 = Release|Any CPU
		{BB965825-5D8B-4A97-80F1-46BCAD16E6AD}.Debug|Any CPU.ActiveCfg = Debug|Any CPU
		{BB965825-5D8B-4A97-80F1-46BCAD16E6AD}.Debug|Any CPU.Build.0 = Debug|Any CPU
		{BB965825-5D8B-4A97-80F1-46BCAD16E6AD}.Debug|x64.ActiveCfg = Debug|Any CPU
		{BB965825-5D8B-4A97-80F1-46BCAD16E6AD}.Debug|x64.Build.0 = Debug|Any CPU
		{BB965825-5D8B-4A97-80F1-46BCAD16E6AD}.Debug|x86.ActiveCfg = Debug|Any CPU
		{BB965825-5D8B-4A97-80F1-46BCAD16E6AD}.Debug|x86.Build.0 = Debug|Any CPU
		{BB965825-5D8B-4A97-80F1-46BCAD16E6AD}.Release|Any CPU.ActiveCfg = Release|Any CPU
		{BB965825-5D8B-4A97-80F1-46BCAD16E6AD}.Release|Any CPU.Build.0 = Release|Any CPU
		{BB965825-5D8B-4A97-80F1-46BCAD16E6AD}.Release|x64.ActiveCfg = Release|Any CPU
		{BB965825-5D8B-4A97-80F1-46BCAD16E6AD}.Release|x64.Build.0 = Release|Any CPU
		{BB965825-5D8B-4A97-80F1-46BCAD16E6AD}.Release|x86.ActiveCfg = Release|Any CPU
		{BB965825-5D8B-4A97-80F1-46BCAD16E6AD}.Release|x86.Build.0 = Release|Any CPU
	EndGlobalSection
	GlobalSection(SolutionProperties) = preSolution
		HideSolutionNode = FALSE
	EndGlobalSection
	GlobalSection(NestedProjects) = preSolution
		{9A445378-5A9A-46E4-B326-F8DC02E9FD5D} = {D8B94637-5C7F-4C7E-8325-F2FCC5E98C43}
		{7E107A0B-6FF6-4A3E-AEBE-AF0DE62EF9B2} = {78D25C92-817A-4731-B4C5-9C4CC70AAF76}
		{BB965825-5D8B-4A97-80F1-46BCAD16E6AD} = {78D25C92-817A-4731-B4C5-9C4CC70AAF76}
	EndGlobalSection
	GlobalSection(ExtensibilityGlobals) = postSolution
		SolutionGuid = {F7455434-600D-4641-A642-06558190CF07}
	EndGlobalSection
EndGlobal
